
Microsoft Visual Studio Solution File, Format Version 12.00
# Visual Studio Version 16
VisualStudioVersion = 16.0.33529.622
MinimumVisualStudioVersion = 10.0.40219.1
Project("{8BC9CEB8-8B4A-11D0-8D11-00A0C91BC942}") = "spc_directio", "spc_directio\spc_directio.vcxproj", "{D5985AA1-242B-4A3D-8E99-4C193FDB8107}"
EndProject
Project("{8BC9CEB8-8B4A-11D0-8D11-00A0C91BC942}") = "spc_pcilib", "spc_pcilib\spc_pcilib.vcxproj", "{E275A354-5243-423E-807F-28EB83A630D9}"
	ProjectSection(ProjectDependencies) = postProject
		{D5985AA1-242B-4A3D-8E99-4C193FDB8107} = {D5985AA1-242B-4A3D-8E99-4C193FDB8107}
	EndProjectSection
EndProject
Project("{2150E333-8FDC-42A3-9474-1A3956D46DE8}") = "Example", "Example", "{125DF481-6FAA-437F-8362-E2995D3C0D38}"
EndProject
Project("{8BC9CEB8-8B4A-11D0-8D11-00A0C91BC942}") = "GetMsiCap", "GetMsiCap\GetMsiCap.vcxproj", "{3988D766-1BB7-433D-9FBA-7E6326E6F700}"
	ProjectSection(ProjectDependencies) = postProject
		{E275A354-5243-423E-807F-28EB83A630D9} = {E275A354-5243-423E-807F-28EB83A630D9}
	EndProjectSection
EndProject
Project("{8BC9CEB8-8B4A-11D0-8D11-00A0C91BC942}") = "GetMsiXCap", "GetMsiXCap\GetMsiXCap.vcxproj", "{1C366427-25EF-47FF-969C-1BDBF7E8E884}"
	ProjectSection(ProjectDependencies) = postProject
		{E275A354-5243-423E-807F-28EB83A630D9} = {E275A354-5243-423E-807F-28EB83A630D9}
	EndProjectSection
EndProject
Project("{8BC9CEB8-8B4A-11D0-8D11-00A0C91BC942}") = "SetPcieSlotIndicator", "SetPcieSlotIndicator\SetPcieSlotIndicator.vcxproj", "{F482F8A4-F6B3-466F-BB5C-AA6096E7A78C}"
	ProjectSection(ProjectDependencies) = postProject
		{E275A354-5243-423E-807F-28EB83A630D9} = {E275A354-5243-423E-807F-28EB83A630D9}
	EndProjectSection
EndProject
Project("{8BC9CEB8-8B4A-11D0-8D11-00A0C91BC942}") = "GetPcieCap", "GetPcieCap\GetPcieCap.vcxproj", "{EB530031-2D36-438D-896D-FBD800158A2B}"
	ProjectSection(ProjectDependencies) = postProject
		{E275A354-5243-423E-807F-28EB83A630D9} = {E275A354-5243-423E-807F-28EB83A630D9}
	EndProjectSection
EndProject
Project("{8BC9CEB8-8B4A-11D0-8D11-00A0C91BC942}") = "ResetPcieSlotPower", "ResetPcieSlotPower\ResetPcieSlotPower.vcxproj", "{DA10D5D4-0D4B-4C90-916A-0EE9B706D0A3}"
EndProject
Project("{8BC9CEB8-8B4A-11D0-8D11-00A0C91BC942}") = "ListPCI", "ListPCI\ListPCI.vcxproj", "{F9059C65-A325-419C-A2F0-DF6087D63B38}"
	ProjectSection(ProjectDependencies) = postProject
		{E275A354-5243-423E-807F-28EB83A630D9} = {E275A354-5243-423E-807F-28EB83A630D9}
	EndProjectSection
EndProject
Project("{8BC9CEB8-8B4A-11D0-8D11-00A0C91BC942}") = "PCIeLinkCtrl", "PCIeLinkCtrl\PCIeLinkCtrl.vcxproj", "{A9DCA4D0-8FEB-4039-9B39-64B85E14E483}"
	ProjectSection(ProjectDependencies) = postProject
		{E275A354-5243-423E-807F-28EB83A630D9} = {E275A354-5243-423E-807F-28EB83A630D9}
	EndProjectSection
EndProject
Global
	GlobalSection(SolutionConfigurationPlatforms) = preSolution
		Debug|ARM64 = Debug|ARM64
		Debug|x64 = Debug|x64
		Debug|x86 = Debug|x86
		Release|ARM64 = Release|ARM64
		Release|x64 = Release|x64
		Release|x86 = Release|x86
	EndGlobalSection
	GlobalSection(ProjectConfigurationPlatforms) = postSolution
		{D5985AA1-242B-4A3D-8E99-4C193FDB8107}.Debug|ARM64.ActiveCfg = Debug|ARM64
		{D5985AA1-242B-4A3D-8E99-4C193FDB8107}.Debug|ARM64.Build.0 = Debug|ARM64
		{D5985AA1-242B-4A3D-8E99-4C193FDB8107}.Debug|x64.ActiveCfg = Debug|x64
		{D5985AA1-242B-4A3D-8E99-4C193FDB8107}.Debug|x64.Build.0 = Debug|x64
		{D5985AA1-242B-4A3D-8E99-4C193FDB8107}.Debug|x86.ActiveCfg = Debug|Win32
		{D5985AA1-242B-4A3D-8E99-4C193FDB8107}.Debug|x86.Build.0 = Debug|Win32
		{D5985AA1-242B-4A3D-8E99-4C193FDB8107}.Release|ARM64.ActiveCfg = Release|ARM64
		{D5985AA1-242B-4A3D-8E99-4C193FDB8107}.Release|ARM64.Build.0 = Release|ARM64
		{D5985AA1-242B-4A3D-8E99-4C193FDB8107}.Release|x64.ActiveCfg = Release|x64
		{D5985AA1-242B-4A3D-8E99-4C193FDB8107}.Release|x64.Build.0 = Release|x64
		{D5985AA1-242B-4A3D-8E99-4C193FDB8107}.Release|x86.ActiveCfg = Release|Win32
		{D5985AA1-242B-4A3D-8E99-4C193FDB8107}.Release|x86.Build.0 = Release|Win32
		{E275A354-5243-423E-807F-28EB83A630D9}.Debug|ARM64.ActiveCfg = Debug|ARM64
		{E275A354-5243-423E-807F-28EB83A630D9}.Debug|ARM64.Build.0 = Debug|ARM64
		{E275A354-5243-423E-807F-28EB83A630D9}.Debug|x64.ActiveCfg = Debug|x64
		{E275A354-5243-423E-807F-28EB83A630D9}.Debug|x64.Build.0 = Debug|x64
		{E275A354-5243-423E-807F-28EB83A630D9}.Debug|x86.ActiveCfg = Debug|Win32
		{E275A354-5243-423E-807F-28EB83A630D9}.Debug|x86.Build.0 = Debug|Win32
		{E275A354-5243-423E-807F-28EB83A630D9}.Release|ARM64.ActiveCfg = Release|ARM64
		{E275A354-5243-423E-807F-28EB83A630D9}.Release|ARM64.Build.0 = Release|ARM64
		{E275A354-5243-423E-807F-28EB83A630D9}.Release|x64.ActiveCfg = Release|x64
		{E275A354-5243-423E-807F-28EB83A630D9}.Release|x64.Build.0 = Release|x64
		{E275A354-5243-423E-807F-28EB83A630D9}.Release|x86.ActiveCfg = Release|Win32
		{E275A354-5243-423E-807F-28EB83A630D9}.Release|x86.Build.0 = Release|Win32
		{3988D766-1BB7-433D-9FBA-7E6326E6F700}.Debug|ARM64.ActiveCfg = Debug|ARM64
		{3988D766-1BB7-433D-9FBA-7E6326E6F700}.Debug|ARM64.Build.0 = Debug|ARM64
		{3988D766-1BB7-433D-9FBA-7E6326E6F700}.Debug|ARM64.Deploy.0 = Debug|ARM64
		{3988D766-1BB7-433D-9FBA-7E6326E6F700}.Debug|x64.ActiveCfg = Debug|x64
		{3988D766-1BB7-433D-9FBA-7E6326E6F700}.Debug|x64.Build.0 = Debug|x64
		{3988D766-1BB7-433D-9FBA-7E6326E6F700}.Debug|x64.Deploy.0 = Debug|x64
		{3988D766-1BB7-433D-9FBA-7E6326E6F700}.Debug|x86.ActiveCfg = Debug|Win32
		{3988D766-1BB7-433D-9FBA-7E6326E6F700}.Debug|x86.Build.0 = Debug|Win32
		{3988D766-1BB7-433D-9FBA-7E6326E6F700}.Debug|x86.Deploy.0 = Debug|Win32
		{3988D766-1BB7-433D-9FBA-7E6326E6F700}.Release|ARM64.ActiveCfg = Release|ARM64
		{3988D766-1BB7-433D-9FBA-7E6326E6F700}.Release|ARM64.Build.0 = Release|ARM64
		{3988D766-1BB7-433D-9FBA-7E6326E6F700}.Release|x64.ActiveCfg = Release|x64
		{3988D766-1BB7-433D-9FBA-7E6326E6F700}.Release|x64.Build.0 = Release|x64
		{3988D766-1BB7-433D-9FBA-7E6326E6F700}.Release|x86.ActiveCfg = Release|Win32
		{3988D766-1BB7-433D-9FBA-7E6326E6F700}.Release|x86.Build.0 = Release|Win32
		{1C366427-25EF-47FF-969C-1BDBF7E8E884}.Debug|ARM64.ActiveCfg = Debug|ARM64
		{1C366427-25EF-47FF-969C-1BDBF7E8E884}.Debug|ARM64.Build.0 = Debug|ARM64
		{1C366427-25EF-47FF-969C-1BDBF7E8E884}.Debug|x64.ActiveCfg = Debug|x64
		{1C366427-25EF-47FF-969C-1BDBF7E8E884}.Debug|x64.Build.0 = Debug|x64
		{1C366427-25EF-47FF-969C-1BDBF7E8E884}.Debug|x86.ActiveCfg = Debug|Win32
		{1C366427-25EF-47FF-969C-1BDBF7E8E884}.Debug|x86.Build.0 = Debug|Win32
		{1C366427-25EF-47FF-969C-1BDBF7E8E884}.Release|ARM64.ActiveCfg = Release|ARM64
		{1C366427-25EF-47FF-969C-1BDBF7E8E884}.Release|ARM64.Build.0 = Release|ARM64
		{1C366427-25EF-47FF-969C-1BDBF7E8E884}.Release|x64.ActiveCfg = Release|x64
		{1C366427-25EF-47FF-969C-1BDBF7E8E884}.Release|x64.Build.0 = Release|x64
		{1C366427-25EF-47FF-969C-1BDBF7E8E884}.Release|x86.ActiveCfg = Release|Win32
		{1C366427-25EF-47FF-969C-1BDBF7E8E884}.Release|x86.Build.0 = Release|Win32
		{F482F8A4-F6B3-466F-BB5C-AA6096E7A78C}.Debug|ARM64.ActiveCfg = Debug|ARM64
		{F482F8A4-F6B3-466F-BB5C-AA6096E7A78C}.Debug|ARM64.Build.0 = Debug|ARM64
		{F482F8A4-F6B3-466F-BB5C-AA6096E7A78C}.Debug|x64.ActiveCfg = Debug|x64
		{F482F8A4-F6B3-466F-BB5C-AA6096E7A78C}.Debug|x64.Build.0 = Debug|x64
		{F482F8A4-F6B3-466F-BB5C-AA6096E7A78C}.Debug|x86.ActiveCfg = Debug|Win32
		{F482F8A4-F6B3-466F-BB5C-AA6096E7A78C}.Debug|x86.Build.0 = Debug|Win32
		{F482F8A4-F6B3-466F-BB5C-AA6096E7A78C}.Release|ARM64.ActiveCfg = Release|ARM64
		{F482F8A4-F6B3-466F-BB5C-AA6096E7A78C}.Release|ARM64.Build.0 = Release|ARM64
		{F482F8A4-F6B3-466F-BB5C-AA6096E7A78C}.Release|x64.ActiveCfg = Release|x64
		{F482F8A4-F6B3-466F-BB5C-AA6096E7A78C}.Release|x64.Build.0 = Release|x64
		{F482F8A4-F6B3-466F-BB5C-AA6096E7A78C}.Release|x86.ActiveCfg = Release|Win32
		{F482F8A4-F6B3-466F-BB5C-AA6096E7A78C}.Release|x86.Build.0 = Release|Win32
		{EB530031-2D36-438D-896D-FBD800158A2B}.Debug|ARM64.ActiveCfg = Debug|ARM64
		{EB530031-2D36-438D-896D-FBD800158A2B}.Debug|ARM64.Build.0 = Debug|ARM64
		{EB530031-2D36-438D-896D-FBD800158A2B}.Debug|x64.ActiveCfg = Debug|x64
		{EB530031-2D36-438D-896D-FBD800158A2B}.Debug|x64.Build.0 = Debug|x64
		{EB530031-2D36-438D-896D-FBD800158A2B}.Debug|x86.ActiveCfg = Debug|Win32
		{EB530031-2D36-438D-896D-FBD800158A2B}.Debug|x86.Build.0 = Debug|Win32
		{EB530031-2D36-438D-896D-FBD800158A2B}.Release|ARM64.ActiveCfg = Release|ARM64
		{EB530031-2D36-438D-896D-FBD800158A2B}.Release|ARM64.Build.0 = Release|ARM64
		{EB530031-2D36-438D-896D-FBD800158A2B}.Release|x64.ActiveCfg = Release|x64
		{EB530031-2D36-438D-896D-FBD800158A2B}.Release|x64.Build.0 = Release|x64
		{EB530031-2D36-438D-896D-FBD800158A2B}.Release|x86.ActiveCfg = Release|Win32
		{EB530031-2D36-438D-896D-FBD800158A2B}.Release|x86.Build.0 = Release|Win32
		{DA10D5D4-0D4B-4C90-916A-0EE9B706D0A3}.Debug|ARM64.ActiveCfg = Debug|ARM64
		{DA10D5D4-0D4B-4C90-916A-0EE9B706D0A3}.Debug|ARM64.Build.0 = Debug|ARM64
		{DA10D5D4-0D4B-4C90-916A-0EE9B706D0A3}.Debug|x64.ActiveCfg = Debug|x64
		{DA10D5D4-0D4B-4C90-916A-0EE9B706D0A3}.Debug|x64.Build.0 = Debug|x64
		{DA10D5D4-0D4B-4C90-916A-0EE9B706D0A3}.Debug|x86.ActiveCfg = Debug|Win32
		{DA10D5D4-0D4B-4C90-916A-0EE9B706D0A3}.Debug|x86.Build.0 = Debug|Win32
		{DA10D5D4-0D4B-4C90-916A-0EE9B706D0A3}.Release|ARM64.ActiveCfg = Release|ARM64
		{DA10D5D4-0D4B-4C90-916A-0EE9B706D0A3}.Release|ARM64.Build.0 = Release|ARM64
		{DA10D5D4-0D4B-4C90-916A-0EE9B706D0A3}.Release|x64.ActiveCfg = Release|x64
		{DA10D5D4-0D4B-4C90-916A-0EE9B706D0A3}.Release|x64.Build.0 = Release|x64
		{DA10D5D4-0D4B-4C90-916A-0EE9B706D0A3}.Release|x86.ActiveCfg = Release|Win32
		{DA10D5D4-0D4B-4C90-916A-0EE9B706D0A3}.Release|x86.Build.0 = Release|Win32
		{F9059C65-A325-419C-A2F0-DF6087D63B38}.Debug|ARM64.ActiveCfg = Debug|ARM64
		{F9059C65-A325-419C-A2F0-DF6087D63B38}.Debug|ARM64.Build.0 = Debug|ARM64
		{F9059C65-A325-419C-A2F0-DF6087D63B38}.Debug|x64.ActiveCfg = Debug|x64
		{F9059C65-A325-419C-A2F0-DF6087D63B38}.Debug|x64.Build.0 = Debug|x64
		{F9059C65-A325-419C-A2F0-DF6087D63B38}.Debug|x86.ActiveCfg = Debug|Win32
		{F9059C65-A325-419C-A2F0-DF6087D63B38}.Debug|x86.Build.0 = Debug|Win32
		{F9059C65-A325-419C-A2F0-DF6087D63B38}.Release|ARM64.ActiveCfg = Release|ARM64
		{F9059C65-A325-419C-A2F0-DF6087D63B38}.Release|ARM64.Build.0 = Release|ARM64
		{F9059C65-A325-419C-A2F0-DF6087D63B38}.Release|x64.ActiveCfg = Release|x64
		{F9059C65-A325-419C-A2F0-DF6087D63B38}.Release|x64.Build.0 = Release|x64
		{F9059C65-A325-419C-A2F0-DF6087D63B38}.Release|x86.ActiveCfg = Release|Win32
		{F9059C65-A325-419C-A2F0-DF6087D63B38}.Release|x86.Build.0 = Release|Win32
		{A9DCA4D0-8FEB-4039-9B39-64B85E14E483}.Debug|ARM64.ActiveCfg = Debug|ARM64
		{A9DCA4D0-8FEB-4039-9B39-64B85E14E483}.Debug|ARM64.Build.0 = Debug|ARM64
		{A9DCA4D0-8FEB-4039-9B39-64B85E14E483}.Debug|x64.ActiveCfg = Debug|x64
		{A9DCA4D0-8FEB-4039-9B39-64B85E14E483}.Debug|x64.Build.0 = Debug|x64
		{A9DCA4D0-8FEB-4039-9B39-64B85E14E483}.Debug|x86.ActiveCfg = Debug|Win32
		{A9DCA4D0-8FEB-4039-9B39-64B85E14E483}.Debug|x86.Build.0 = Debug|Win32
		{A9DCA4D0-8FEB-4039-9B39-64B85E14E483}.Release|ARM64.ActiveCfg = Release|ARM64
		{A9DCA4D0-8FEB-4039-9B39-64B85E14E483}.Release|ARM64.Build.0 = Release|ARM64
		{A9DCA4D0-8FEB-4039-9B39-64B85E14E483}.Release|x64.ActiveCfg = Release|x64
		{A9DCA4D0-8FEB-4039-9B39-64B85E14E483}.Release|x64.Build.0 = Release|x64
		{A9DCA4D0-8FEB-4039-9B39-64B85E14E483}.Release|x86.ActiveCfg = Release|Win32
		{A9DCA4D0-8FEB-4039-9B39-64B85E14E483}.Release|x86.Build.0 = Release|Win32
	EndGlobalSection
	GlobalSection(SolutionProperties) = preSolution
		HideSolutionNode = FALSE
	EndGlobalSection
	GlobalSection(NestedProjects) = preSolution
		{3988D766-1BB7-433D-9FBA-7E6326E6F700} = {125DF481-6FAA-437F-8362-E2995D3C0D38}
		{1C366427-25EF-47FF-969C-1BDBF7E8E884} = {125DF481-6FAA-437F-8362-E2995D3C0D38}
		{F482F8A4-F6B3-466F-BB5C-AA6096E7A78C} = {125DF481-6FAA-437F-8362-E2995D3C0D38}
		{EB530031-2D36-438D-896D-FBD800158A2B} = {125DF481-6FAA-437F-8362-E2995D3C0D38}
		{DA10D5D4-0D4B-4C90-916A-0EE9B706D0A3} = {125DF481-6FAA-437F-8362-E2995D3C0D38}
		{F9059C65-A325-419C-A2F0-DF6087D63B38} = {125DF481-6FAA-437F-8362-E2995D3C0D38}
		{A9DCA4D0-8FEB-4039-9B39-64B85E14E483} = {125DF481-6FAA-437F-8362-E2995D3C0D38}
	EndGlobalSection
	GlobalSection(ExtensibilityGlobals) = postSolution
		SolutionGuid = {C4C2070A-4418-4734-8673-1DC38FC9EAD5}
	EndGlobalSection
EndGlobal
